// !$*UTF8*$!
{ archiveVersion = 1; classes = {}; objectVersion = 56; objects = {
69D728D48B537CF372C0A8C4 = { isa = PBXFileReference; lastKnownFileType = sourcecode.swift; path = "AccountScreen.swift"; sourceTree = "<group>"; };
BE1B3AF22631C9E015EEC778 = { isa = PBXBuildFile; fileRef = 69D728D48B537CF372C0A8C4; };
61AE6F282A926E138658E32B = { isa = PBXFileReference; lastKnownFileType = sourcecode.swift; path = "BoardCatalogView.swift"; sourceTree = "<group>"; };
5AABFDF4CE9ABF208F42531C = { isa = PBXBuildFile; fileRef = 61AE6F282A926E138658E32B; };
01D956B4DD03FE1B30F63284 = { isa = PBXFileReference; lastKnownFileType = sourcecode.swift; path = "BoardListScreen.swift"; sourceTree = "<group>"; };
8FC8F2918D1A6511BA0180BF = { isa = PBXBuildFile; fileRef = 01D956B4DD03FE1B30F63284; };
739B26FB110F148A16C01BDD = { isa = PBXFileReference; lastKnownFileType = sourcecode.swift; path = "BoardStore.swift"; sourceTree = "<group>"; };
FC4380BA95966CBEAEB087AC = { isa = PBXBuildFile; fileRef = 739B26FB110F148A16C01BDD; };
76A627A39279039FA4BDB39E = { isa = PBXFileReference; lastKnownFileType = sourcecode.swift; path = "CommunityView.swift"; sourceTree = "<group>"; };
798EB782233D8A451AFF516D = { isa = PBXBuildFile; fileRef = 76A627A39279039FA4BDB39E; };
268E8F1C948B01C274064597 = { isa = PBXFileReference; lastKnownFileType = sourcecode.swift; path = "Connectivity.swift"; sourceTree = "<group>"; };
B365111CB02881A581C4CE66 = { isa = PBXBuildFile; fileRef = 268E8F1C948B01C274064597; };
16C3D4E1D36E3F9627F44346 = { isa = PBXFileReference; lastKnownFileType = sourcecode.swift; path = "HomeView.swift"; sourceTree = "<group>"; };
95140CBCBF751AA7F548E156 = { isa = PBXBuildFile; fileRef = 16C3D4E1D36E3F9627F44346; };
D8DBB83BA01C266B3E616D21 = { isa = PBXFileReference; lastKnownFileType = sourcecode.swift; path = "ImageLoader.swift"; sourceTree = "<group>"; };
2B58604483FF3D4F791A01AD = { isa = PBXBuildFile; fileRef = D8DBB83BA01C266B3E616D21; };
BD1EAA5159DD5C7B3B6CE628 = { isa = PBXFileReference; lastKnownFileType = sourcecode.swift; path = "MessagesView.swift"; sourceTree = "<group>"; };
6A9F9C6BFB13F034755599A1 = { isa = PBXBuildFile; fileRef = BD1EAA5159DD5C7B3B6CE628; };
F8361459EE37DA1C34582838 = { isa = PBXFileReference; lastKnownFileType = sourcecode.swift; path = "NGAUserView.swift"; sourceTree = "<group>"; };
4949E1675A0F2B7FD2BB93D1 = { isa = PBXBuildFile; fileRef = F8361459EE37DA1C34582838; };
13BF1F4D9CF05686B0170035 = { isa = PBXFileReference; lastKnownFileType = sourcecode.swift; path = "NativeContentView.swift"; sourceTree = "<group>"; };
7BF84E503C549A8C7B09009B = { isa = PBXBuildFile; fileRef = 13BF1F4D9CF05686B0170035; };
066AC52A89CD2D6871F41CBE = { isa = PBXFileReference; lastKnownFileType = sourcecode.swift; path = "ProfileView.swift"; sourceTree = "<group>"; };
4264D74FD1634DCC28B0149E = { isa = PBXBuildFile; fileRef = 066AC52A89CD2D6871F41CBE; };
F0BAE84BA3B3ECE5BA36E52D = { isa = PBXFileReference; lastKnownFileType = sourcecode.swift; path = "ReaderApp.swift"; sourceTree = "<group>"; };
7DBF3ECB3FB7261FCB85ABE1 = { isa = PBXBuildFile; fileRef = F0BAE84BA3B3ECE5BA36E52D; };
597578F5F9C6AD400EC17812 = { isa = PBXFileReference; lastKnownFileType = sourcecode.swift; path = "ReaderScreen.swift"; sourceTree = "<group>"; };
16C9E286483ADC4148F117DA = { isa = PBXBuildFile; fileRef = 597578F5F9C6AD400EC17812; };
9F664231180E4A2671C75D78 = { isa = PBXFileReference; lastKnownFileType = sourcecode.swift; path = "RootTabView.swift"; sourceTree = "<group>"; };
365D1A05E37652D2A2CC8F66 = { isa = PBXBuildFile; fileRef = 9F664231180E4A2671C75D78; };
B5AF7FEBA8C2788E9E96CCB2 = { isa = PBXFileReference; lastKnownFileType = sourcecode.swift; path = "SessionStore.swift"; sourceTree = "<group>"; };
DB982D27577C067D73E6B59C = { isa = PBXBuildFile; fileRef = B5AF7FEBA8C2788E9E96CCB2; };
67FD8B61A61D787E13A26CBA = { isa = PBXFileReference; lastKnownFileType = sourcecode.swift; path = "SplashView.swift"; sourceTree = "<group>"; };
677AEDF97896EE50D2D26003 = { isa = PBXBuildFile; fileRef = 67FD8B61A61D787E13A26CBA; };
E95984C2429031F651BE7C6F = { isa = PBXFileReference; lastKnownFileType = sourcecode.swift; path = "Theme.swift"; sourceTree = "<group>"; };
A74D0AEC5B22145C18B557DE = { isa = PBXBuildFile; fileRef = E95984C2429031F651BE7C6F; };
F31520A25FAB47F79FBA162D = { isa = PBXFileReference; lastKnownFileType = sourcecode.swift; path = "TopicListScreen.swift"; sourceTree = "<group>"; };
359CB2510A8F124A1994679B = { isa = PBXBuildFile; fileRef = F31520A25FAB47F79FBA162D; };
70AED2C5D198BEF014B35D2C = { isa = PBXFileReference; lastKnownFileType = sourcecode.swift; path = "WebsiteLogin.swift"; sourceTree = "<group>"; };
97B891493E41062C0CF1A4BC = { isa = PBXBuildFile; fileRef = 70AED2C5D198BEF014B35D2C; };
5B04B2273026590A440D27C9 = { isa = PBXFileReference; lastKnownFileType = folder.assetcatalog; path = "Assets.xcassets"; sourceTree = "<group>"; };
222F0DBFFE5EB23DCD3FD16F = { isa = PBXBuildFile; fileRef = 5B04B2273026590A440D27C9; };
CEBAFB8A8D97BB81CD286664 = { isa = PBXFileReference; lastKnownFileType = file.storyboard; path = "LaunchScreen.storyboard"; sourceTree = "<group>"; };
8A24E2FBB6B04F1C1081E292 = { isa = PBXBuildFile; fileRef = CEBAFB8A8D97BB81CD286664; };
54D440E9AB2E9E84EFA721C6 = { isa = PBXFileReference; lastKnownFileType = image.png; path = "Resources/BoardAzeroth.png"; sourceTree = "<group>"; };
13F0F225E9AA54B92CC8C367 = { isa = PBXBuildFile; fileRef = 54D440E9AB2E9E84EFA721C6; };
817708010F15D9AC5EA44B6A = { isa = PBXFileReference; lastKnownFileType = image.png; path = "Resources/BoardDeathKnight.png"; sourceTree = "<group>"; };
D964BD2A8BC1E2057A9F3D7D = { isa = PBXBuildFile; fileRef = 817708010F15D9AC5EA44B6A; };
88996034284014059E2FF4D7 = { isa = PBXFileReference; lastKnownFileType = image.png; path = "Resources/BoardDemonHunter.png"; sourceTree = "<group>"; };
E583C65BE597900310EA3B6A = { isa = PBXBuildFile; fileRef = 88996034284014059E2FF4D7; };
DF945BD5EC6BB156765C6C00 = { isa = PBXFileReference; lastKnownFileType = image.png; path = "Resources/BoardDevelopment.png"; sourceTree = "<group>"; };
7CCCF229261821BB0EF318C8 = { isa = PBXBuildFile; fileRef = DF945BD5EC6BB156765C6C00; };
4618C9757DC1749322730628 = { isa = PBXFileReference; lastKnownFileType = image.png; path = "Resources/BoardHunter.png"; sourceTree = "<group>"; };
3CE073B74E252D261D7BDC20 = { isa = PBXBuildFile; fileRef = 4618C9757DC1749322730628; };
FA5848C245B3C2696187638A = { isa = PBXFileReference; lastKnownFileType = image.png; path = "Resources/BoardPaladin.png"; sourceTree = "<group>"; };
C52FC6DB256266A12C5FB169 = { isa = PBXBuildFile; fileRef = FA5848C245B3C2696187638A; };
316FD0D547CDD68C631570EF = { isa = PBXFileReference; lastKnownFileType = image.png; path = "Resources/BoardVillage.png"; sourceTree = "<group>"; };
865816B4F04B2227501D3DB3 = { isa = PBXBuildFile; fileRef = 316FD0D547CDD68C631570EF; };
A4B5B1BF92274E04D537BD1A = { isa = PBXFileReference; lastKnownFileType = image.png; path = "Resources/FantasyCitadel.png"; sourceTree = "<group>"; };
107B81E07CED1B5D01E47B41 = { isa = PBXBuildFile; fileRef = A4B5B1BF92274E04D537BD1A; };
FC4A695F02A8A53A129DCB9A = { isa = PBXGroup; children = (69D728D48B537CF372C0A8C4,61AE6F282A926E138658E32B,01D956B4DD03FE1B30F63284,739B26FB110F148A16C01BDD,76A627A39279039FA4BDB39E,268E8F1C948B01C274064597,16C3D4E1D36E3F9627F44346,D8DBB83BA01C266B3E616D21,BD1EAA5159DD5C7B3B6CE628,F8361459EE37DA1C34582838,13BF1F4D9CF05686B0170035,066AC52A89CD2D6871F41CBE,F0BAE84BA3B3ECE5BA36E52D,597578F5F9C6AD400EC17812,9F664231180E4A2671C75D78,B5AF7FEBA8C2788E9E96CCB2,67FD8B61A61D787E13A26CBA,E95984C2429031F651BE7C6F,F31520A25FAB47F79FBA162D,70AED2C5D198BEF014B35D2C,5B04B2273026590A440D27C9,CEBAFB8A8D97BB81CD286664,54D440E9AB2E9E84EFA721C6,817708010F15D9AC5EA44B6A,88996034284014059E2FF4D7,DF945BD5EC6BB156765C6C00,4618C9757DC1749322730628,FA5848C245B3C2696187638A,316FD0D547CDD68C631570EF,A4B5B1BF92274E04D537BD1A); path = App; sourceTree = "<group>"; };
38A007151ABE87CC01A5B6E9 = { isa = PBXFileReference; explicitFileType = wrapper.application; path = NGAReader.app; sourceTree = BUILT_PRODUCTS_DIR; };
FBDC4F23F93125BBEEAE800C = { isa = PBXGroup; children = (38A007151ABE87CC01A5B6E9); name = Products; sourceTree = "<group>"; };
DC76E9F0C0006E8F919E0C51 = { isa = PBXGroup; children = (FC4A695F02A8A53A129DCB9A,FBDC4F23F93125BBEEAE800C); sourceTree = "<group>"; };
582681C2EAE02B3F3D399C0C = { isa = XCLocalSwiftPackageReference; relativePath = .; };
DE58E2B17C19600779694943 = { isa = XCSwiftPackageProductDependency; package = 582681C2EAE02B3F3D399C0C; productName = NGAKit; };
F178867DA2879CAE0F60630A = { isa = PBXBuildFile; productRef = DE58E2B17C19600779694943; };
BCE16DD0260827ECF338C787 = { isa = PBXSourcesBuildPhase; buildActionMask = 2147483647; files = (BE1B3AF22631C9E015EEC778,5AABFDF4CE9ABF208F42531C,8FC8F2918D1A6511BA0180BF,FC4380BA95966CBEAEB087AC,798EB782233D8A451AFF516D,B365111CB02881A581C4CE66,95140CBCBF751AA7F548E156,2B58604483FF3D4F791A01AD,6A9F9C6BFB13F034755599A1,4949E1675A0F2B7FD2BB93D1,7BF84E503C549A8C7B09009B,4264D74FD1634DCC28B0149E,7DBF3ECB3FB7261FCB85ABE1,16C9E286483ADC4148F117DA,365D1A05E37652D2A2CC8F66,DB982D27577C067D73E6B59C,677AEDF97896EE50D2D26003,A74D0AEC5B22145C18B557DE,359CB2510A8F124A1994679B,97B891493E41062C0CF1A4BC); runOnlyForDeploymentPostprocessing = 0; };
7561BFB015D8F536760CB671 = { isa = PBXFrameworksBuildPhase; buildActionMask = 2147483647; files = (F178867DA2879CAE0F60630A); runOnlyForDeploymentPostprocessing = 0; };
0189424A5A60FED329FA868E = { isa = PBXResourcesBuildPhase; buildActionMask = 2147483647; files = (222F0DBFFE5EB23DCD3FD16F,8A24E2FBB6B04F1C1081E292,13F0F225E9AA54B92CC8C367,D964BD2A8BC1E2057A9F3D7D,E583C65BE597900310EA3B6A,7CCCF229261821BB0EF318C8,3CE073B74E252D261D7BDC20,C52FC6DB256266A12C5FB169,865816B4F04B2227501D3DB3,107B81E07CED1B5D01E47B41); runOnlyForDeploymentPostprocessing = 0; };
BFD315016DE16320F7E2120C = { isa = XCBuildConfiguration; buildSettings = { SWIFT_VERSION = "6.0"; IPHONEOS_DEPLOYMENT_TARGET = "17.0"; SDKROOT = "iphoneos"; CLANG_ENABLE_MODULES = "YES"; ENABLE_USER_SCRIPT_SANDBOXING = "YES"; GCC_C_LANGUAGE_STANDARD = "gnu17"; SWIFT_STRICT_CONCURRENCY = "complete"; SWIFT_OPTIMIZATION_LEVEL = "-Onone"; SWIFT_ACTIVE_COMPILATION_CONDITIONS = "DEBUG"; }; name = Debug; };
1D8C0C6B1D22EA8C7669B263 = { isa = XCBuildConfiguration; buildSettings = { SWIFT_VERSION = "6.0"; IPHONEOS_DEPLOYMENT_TARGET = "17.0"; SDKROOT = "iphoneos"; CLANG_ENABLE_MODULES = "YES"; ENABLE_USER_SCRIPT_SANDBOXING = "YES"; GCC_C_LANGUAGE_STANDARD = "gnu17"; SWIFT_STRICT_CONCURRENCY = "complete"; SWIFT_OPTIMIZATION_LEVEL = "-O"; }; name = Release; };
12ECB39C0EE5375B90DDFB36 = { isa = XCConfigurationList; buildConfigurations = (BFD315016DE16320F7E2120C,1D8C0C6B1D22EA8C7669B263); defaultConfigurationIsVisible = 0; defaultConfigurationName = Release; };
3A77CD648711364E9A877D62 = { isa = XCBuildConfiguration; buildSettings = { PRODUCT_NAME = "NGAReader"; PRODUCT_BUNDLE_IDENTIFIER = "com.kizmz.ngareader.prototype"; GENERATE_INFOPLIST_FILE = "YES"; INFOPLIST_KEY_CFBundleDisplayName = "NGA Orbit"; INFOPLIST_KEY_UILaunchStoryboardName = "LaunchScreen"; ASSETCATALOG_COMPILER_APPICON_NAME = "AppIcon"; INFOPLIST_KEY_UIApplicationSceneManifest_Generation = "YES"; INFOPLIST_KEY_UISupportedInterfaceOrientations = "UIInterfaceOrientationPortrait UIInterfaceOrientationPortraitUpsideDown UIInterfaceOrientationLandscapeLeft UIInterfaceOrientationLandscapeRight"; TARGETED_DEVICE_FAMILY = "1,2"; CODE_SIGN_STYLE = "Automatic"; CURRENT_PROJECT_VERSION = "1"; MARKETING_VERSION = "0.1.0"; SUPPORTED_PLATFORMS = "iphoneos iphonesimulator"; SUPPORTS_MACCATALYST = "NO"; SWIFT_OPTIMIZATION_LEVEL = "-Onone"; SWIFT_ACTIVE_COMPILATION_CONDITIONS = "DEBUG"; }; name = Debug; };
066776A1C212750E8BE506A2 = { isa = XCBuildConfiguration; buildSettings = { PRODUCT_NAME = "NGAReader"; PRODUCT_BUNDLE_IDENTIFIER = "com.kizmz.ngareader.prototype"; GENERATE_INFOPLIST_FILE = "YES"; INFOPLIST_KEY_CFBundleDisplayName = "NGA Orbit"; INFOPLIST_KEY_UILaunchStoryboardName = "LaunchScreen"; ASSETCATALOG_COMPILER_APPICON_NAME = "AppIcon"; INFOPLIST_KEY_UIApplicationSceneManifest_Generation = "YES"; INFOPLIST_KEY_UISupportedInterfaceOrientations = "UIInterfaceOrientationPortrait UIInterfaceOrientationPortraitUpsideDown UIInterfaceOrientationLandscapeLeft UIInterfaceOrientationLandscapeRight"; TARGETED_DEVICE_FAMILY = "1,2"; CODE_SIGN_STYLE = "Automatic"; CURRENT_PROJECT_VERSION = "1"; MARKETING_VERSION = "0.1.0"; SUPPORTED_PLATFORMS = "iphoneos iphonesimulator"; SUPPORTS_MACCATALYST = "NO"; SWIFT_OPTIMIZATION_LEVEL = "-O"; }; name = Release; };
2B7E04E20B902D557F0CE008 = { isa = XCConfigurationList; buildConfigurations = (3A77CD648711364E9A877D62,066776A1C212750E8BE506A2); defaultConfigurationIsVisible = 0; defaultConfigurationName = Release; };
0E8A3AD980EC179856012B7E = { isa = PBXNativeTarget; buildConfigurationList = 2B7E04E20B902D557F0CE008; buildPhases = (BCE16DD0260827ECF338C787,7561BFB015D8F536760CB671,0189424A5A60FED329FA868E); buildRules = (); dependencies = (); name = NGAReader; packageProductDependencies = (DE58E2B17C19600779694943); productName = NGAReader; productReference = 38A007151ABE87CC01A5B6E9; productType = "com.apple.product-type.application"; };
98F54143AB4E86B28C3AFEE0 = { isa = PBXProject; attributes = { LastUpgradeCheck = 2700; }; buildConfigurationList = 12ECB39C0EE5375B90DDFB36; compatibilityVersion = "Xcode 14.0"; developmentRegion = "zh-Hans"; hasScannedForEncodings = 0; knownRegions = (en, Base, "zh-Hans"); mainGroup = DC76E9F0C0006E8F919E0C51; packageReferences = (582681C2EAE02B3F3D399C0C); productRefGroup = FBDC4F23F93125BBEEAE800C; projectDirPath = ""; projectRoot = ""; targets = (0E8A3AD980EC179856012B7E); };
}; rootObject = 98F54143AB4E86B28C3AFEE0; }
